# This file was autogenerated by Stack.
# You should not edit this file by hand.
# For more information, please see the documentation at:
#   https://docs.haskellstack.org/en/stable/lock_files

packages:
- completed:
    hackage: monomer-1.6.0.1@sha256:ebb40b3dacbef7f6758b96b7af5e0f0dfc30eb3f81331cca5196402dd11c0534,17587
    pantry-tree:
      sha256: c21a65ffd24c372a9b44b57d7b3ffb27b64b1a426dd946bcd5ce686d9ecab172
      size: 15189
  original:
    hackage: monomer-1.6.0.1
- completed:
    hackage: containers-0.7@sha256:e9b5fdcc609159410d408c47e0be13663bb0b4a42a5183b52aa0ac9c99e1dfec,2668
    pantry-tree:
      sha256: 265b0a6110df990b5f9f04d21856333ed5ed66f37a4b0a0215901d831f69629b
      size: 2954
  original:
    hackage: containers-0.7
snapshots:
- completed:
    sha256: a81fb3877c4f9031e1325eb3935122e608d80715dc16b586eb11ddbff8671ecd
    size: 640086
    url: https://raw.githubusercontent.com/commercialhaskell/stackage-snapshots/master/lts/21/25.yaml
  original: lts-21.25
